// !$*UTF8*$!
{
	archiveVersion = 1;
	classes = {
	};
	objectVersion = 77;
	objects = {

/* Begin PBXBuildFile section */
		E61002582F993AD60018B720 /* libCore.a in Frameworks */ = {isa = PBXBuildFile; fileRef = E610F3AD2F9938920018B720 /* libCore.a */; };
		E6F3400D2F9949A3005D3E68 /* AVKit.framework in Frameworks */ = {isa = PBXBuildFile; fileRef = E6F3400C2F9949A3005D3E68 /* AVKit.framework */; };
		E6F3400F2F9949AB005D3E68 /* AVFAudio.framework in Frameworks */ = {isa = PBXBuildFile; fileRef = E6F3400E2F9949AB005D3E68 /* AVFAudio.framework */; };
		E6F340112F9949B3005D3E68 /* AVFoundation.framework in Frameworks */ = {isa = PBXBuildFile; fileRef = E6F340102F9949B3005D3E68 /* AVFoundation.framework */; };
		E6F340152F9949CB005D3E68 /* libbz2.tbd in Frameworks */ = {isa = PBXBuildFile; fileRef = E6F340142F9949C7005D3E68 /* libbz2.tbd */; };
		E6F340172F9949D3005D3E68 /* CoreMotion.framework in Frameworks */ = {isa = PBXBuildFile; fileRef = E6F340162F9949D3005D3E68 /* CoreMotion.framework */; };
		E6F340192F9949D9005D3E68 /* CoreHaptics.framework in Frameworks */ = {isa = PBXBuildFile; fileRef = E6F340182F9949D9005D3E68 /* CoreHaptics.framework */; };
		E6F3401B2F9949DF005D3E68 /* CoreMedia.framework in Frameworks */ = {isa = PBXBuildFile; fileRef = E6F3401A2F9949DF005D3E68 /* CoreMedia.framework */; };
		E6F3401D2F9949EF005D3E68 /* AudioToolbox.framework in Frameworks */ = {isa = PBXBuildFile; fileRef = E6F3401C2F9949EF005D3E68 /* AudioToolbox.framework */; };
		E6F3401F2F9949F5005D3E68 /* CoreBluetooth.framework in Frameworks */ = {isa = PBXBuildFile; fileRef = E6F3401E2F9949F5005D3E68 /* CoreBluetooth.framework */; };
/* End PBXBuildFile section */

/* Begin PBXContainerItemProxy section */
		E61002592F993AD60018B720 /* PBXContainerItemProxy */ = {
			isa = PBXContainerItemProxy;
			containerPortal = E610F3862F9937980018B720 /* Project object */;
			proxyType = 1;
			remoteGlobalIDString = E610F3AC2F9938920018B720;
			remoteInfo = Core;
		};
/* End PBXContainerItemProxy section */

/* Begin PBXCopyFilesBuildPhase section */
		E610F3AB2F9938920018B720 /* CopyFiles */ = {
			isa = PBXCopyFilesBuildPhase;
			buildActionMask = 2147483647;
			dstPath = "include/$(PRODUCT_NAME)";
			dstSubfolderSpec = 16;
			files = (
			);
			runOnlyForDeploymentPostprocessing = 0;
		};
/* End PBXCopyFilesBuildPhase section */

/* Begin PBXFileReference section */
		E610F38E2F9937980018B720 /* Alune.app */ = {isa = PBXFileReference; explicitFileType = wrapper.application; includeInIndex = 0; path = Alune.app; sourceTree = BUILT_PRODUCTS_DIR; };
		E610F3AD2F9938920018B720 /* libCore.a */ = {isa = PBXFileReference; explicitFileType = archive.ar; includeInIndex = 0; path = libCore.a; sourceTree = BUILT_PRODUCTS_DIR; };
		E6F3400C2F9949A3005D3E68 /* AVKit.framework */ = {isa = PBXFileReference; lastKnownFileType = wrapper.framework; name = AVKit.framework; path = System/Library/Frameworks/AVKit.framework; sourceTree = SDKROOT; };
		E6F3400E2F9949AB005D3E68 /* AVFAudio.framework */ = {isa = PBXFileReference; lastKnownFileType = wrapper.framework; name = AVFAudio.framework; path = System/Library/Frameworks/AVFAudio.framework; sourceTree = SDKROOT; };
		E6F340102F9949B3005D3E68 /* AVFoundation.framework */ = {isa = PBXFileReference; lastKnownFileType = wrapper.framework; name = AVFoundation.framework; path = System/Library/Frameworks/AVFoundation.framework; sourceTree = SDKROOT; };
		E6F340122F9949BF005D3E68 /* AudioUnit.framework */ = {isa = PBXFileReference; lastKnownFileType = wrapper.framework; name = AudioUnit.framework; path = System/Library/Frameworks/AudioUnit.framework; sourceTree = SDKROOT; };
		E6F340142F9949C7005D3E68 /* libbz2.tbd */ = {isa = PBXFileReference; lastKnownFileType = "sourcecode.text-based-dylib-definition"; name = libbz2.tbd; path = usr/lib/libbz2.tbd; sourceTree = SDKROOT; };
		E6F340162F9949D3005D3E68 /* CoreMotion.framework */ = {isa = PBXFileReference; lastKnownFileType = wrapper.framework; name = CoreMotion.framework; path = System/Library/Frameworks/CoreMotion.framework; sourceTree = SDKROOT; };
		E6F340182F9949D9005D3E68 /* CoreHaptics.framework */ = {isa = PBXFileReference; lastKnownFileType = wrapper.framework; name = CoreHaptics.framework; path = System/Library/Frameworks/CoreHaptics.framework; sourceTree = SDKROOT; };
		E6F3401A2F9949DF005D3E68 /* CoreMedia.framework */ = {isa = PBXFileReference; lastKnownFileType = wrapper.framework; name = CoreMedia.framework; path = System/Library/Frameworks/CoreMedia.framework; sourceTree = SDKROOT; };
		E6F3401C2F9949EF005D3E68 /* AudioToolbox.framework */ = {isa = PBXFileReference; lastKnownFileType = wrapper.framework; name = AudioToolbox.framework; path = System/Library/Frameworks/AudioToolbox.framework; sourceTree = SDKROOT; };
		E6F3401E2F9949F5005D3E68 /* CoreBluetooth.framework */ = {isa = PBXFileReference; lastKnownFileType = wrapper.framework; name = CoreBluetooth.framework; path = System/Library/Frameworks/CoreBluetooth.framework; sourceTree = SDKROOT; };
/* End PBXFileReference section */

/* Begin PBXFileSystemSynchronizedBuildFileExceptionSet section */
		E610F3A02F9937990018B720 /* Exceptions for "Alune" folder in "Alune" target */ = {
			isa = PBXFileSystemSynchronizedBuildFileExceptionSet;
			membershipExceptions = (
				Info.plist,
				Resources/cas.metal,
				Resources/convert.metal,
				Resources/fxaa.metal,
				Resources/interlace.metal,
				Resources/merge.metal,
				Resources/misc.metal,
				Resources/present.metal,
				Resources/tfx.metal,
			);
			target = E610F38D2F9937980018B720 /* Alune */;
		};
/* End PBXFileSystemSynchronizedBuildFileExceptionSet section */

/* Begin PBXFileSystemSynchronizedGroupBuildPhaseMembershipExceptionSet section */
		E61013CC2F9946D80018B720 /* Exceptions for "Alune" folder in "Copy Bundle Resources" phase from "Alune" target */ = {
			isa = PBXFileSystemSynchronizedGroupBuildPhaseMembershipExceptionSet;
			buildPhase = E610F38C2F9937980018B720 /* Resources */;
			membershipExceptions = (
				Resources/cas.metal,
				Resources/convert.metal,
				Resources/fxaa.metal,
				Resources/interlace.metal,
				Resources/merge.metal,
				Resources/misc.metal,
				Resources/present.metal,
				Resources/tfx.metal,
			);
		};
/* End PBXFileSystemSynchronizedGroupBuildPhaseMembershipExceptionSet section */

/* Begin PBXFileSystemSynchronizedRootGroup section */
		E610F3902F9937980018B720 /* Alune */ = {
			isa = PBXFileSystemSynchronizedRootGroup;
			exceptions = (
				E610F3A02F9937990018B720 /* Exceptions for "Alune" folder in "Alune" target */,
				E61013CC2F9946D80018B720 /* Exceptions for "Alune" folder in "Copy Bundle Resources" phase from "Alune" target */,
			);
			path = Alune;
			sourceTree = "<group>";
		};
		E610F3AE2F9938920018B720 /* Core */ = {
			isa = PBXFileSystemSynchronizedRootGroup;
			path = Core;
			sourceTree = "<group>";
		};
/* End PBXFileSystemSynchronizedRootGroup section */

/* Begin PBXFrameworksBuildPhase section */
		E610F38B2F9937980018B720 /* Frameworks */ = {
			isa = PBXFrameworksBuildPhase;
			buildActionMask = 2147483647;
			files = (
				E6F3401B2F9949DF005D3E68 /* CoreMedia.framework in Frameworks */,
				E6F340192F9949D9005D3E68 /* CoreHaptics.framework in Frameworks */,
				E6F340112F9949B3005D3E68 /* AVFoundation.framework in Frameworks */,
				E6F340172F9949D3005D3E68 /* CoreMotion.framework in Frameworks */,
				E6F340152F9949CB005D3E68 /* libbz2.tbd in Frameworks */,
				E6F3401D2F9949EF005D3E68 /* AudioToolbox.framework in Frameworks */,
				E6F3400F2F9949AB005D3E68 /* AVFAudio.framework in Frameworks */,
				E6F3400D2F9949A3005D3E68 /* AVKit.framework in Frameworks */,
				E6F3401F2F9949F5005D3E68 /* CoreBluetooth.framework in Frameworks */,
				E61002582F993AD60018B720 /* libCore.a in Frameworks */,
			);
			runOnlyForDeploymentPostprocessing = 0;
		};
		E610F3AA2F9938920018B720 /* Frameworks */ = {
			isa = PBXFrameworksBuildPhase;
			buildActionMask = 2147483647;
			files = (
			);
			runOnlyForDeploymentPostprocessing = 0;
		};
/* End PBXFrameworksBuildPhase section */

/* Begin PBXGroup section */
		E61002572F993AD60018B720 /* Frameworks */ = {
			isa = PBXGroup;
			children = (
				E6F3401E2F9949F5005D3E68 /* CoreBluetooth.framework */,
				E6F3401C2F9949EF005D3E68 /* AudioToolbox.framework */,
				E6F3401A2F9949DF005D3E68 /* CoreMedia.framework */,
				E6F340182F9949D9005D3E68 /* CoreHaptics.framework */,
				E6F340162F9949D3005D3E68 /* CoreMotion.framework */,
				E6F340142F9949C7005D3E68 /* libbz2.tbd */,
				E6F340122F9949BF005D3E68 /* AudioUnit.framework */,
				E6F340102F9949B3005D3E68 /* AVFoundation.framework */,
				E6F3400E2F9949AB005D3E68 /* AVFAudio.framework */,
				E6F3400C2F9949A3005D3E68 /* AVKit.framework */,
			);
			name = Frameworks;
			sourceTree = "<group>";
		};
		E610F3852F9937980018B720 = {
			isa = PBXGroup;
			children = (
				E610F3902F9937980018B720 /* Alune */,
				E610F3AE2F9938920018B720 /* Core */,
				E61002572F993AD60018B720 /* Frameworks */,
				E610F38F2F9937980018B720 /* Products */,
			);
			sourceTree = "<group>";
		};
		E610F38F2F9937980018B720 /* Products */ = {
			isa = PBXGroup;
			children = (
				E610F38E2F9937980018B720 /* Alune.app */,
				E610F3AD2F9938920018B720 /* libCore.a */,
			);
			name = Products;
			sourceTree = "<group>";
		};
/* End PBXGroup section */

/* Begin PBXNativeTarget section */
		E610F38D2F9937980018B720 /* Alune */ = {
			isa = PBXNativeTarget;
			buildConfigurationList = E610F3A12F9937990018B720 /* Build configuration list for PBXNativeTarget "Alune" */;
			buildPhases = (
				E610F38A2F9937980018B720 /* Sources */,
				E610F38B2F9937980018B720 /* Frameworks */,
				E610F38C2F9937980018B720 /* Resources */,
			);
			buildRules = (
			);
			dependencies = (
				E610025A2F993AD60018B720 /* PBXTargetDependency */,
			);
			fileSystemSynchronizedGroups = (
				E610F3902F9937980018B720 /* Alune */,
			);
			name = Alune;
			packageProductDependencies = (
			);
			productName = Alune;
			productReference = E610F38E2F9937980018B720 /* Alune.app */;
			productType = "com.apple.product-type.application";
		};
		E610F3AC2F9938920018B720 /* Core */ = {
			isa = PBXNativeTarget;
			buildConfigurationList = E610F3B12F9938920018B720 /* Build configuration list for PBXNativeTarget "Core" */;
			buildPhases = (
				E610F3A92F9938920018B720 /* Sources */,
				E610F3AA2F9938920018B720 /* Frameworks */,
				E610F3AB2F9938920018B720 /* CopyFiles */,
			);
			buildRules = (
			);
			dependencies = (
			);
			fileSystemSynchronizedGroups = (
				E610F3AE2F9938920018B720 /* Core */,
			);
			name = Core;
			packageProductDependencies = (
			);
			productName = Core;
			productReference = E610F3AD2F9938920018B720 /* libCore.a */;
			productType = "com.apple.product-type.library.static";
		};
/* End PBXNativeTarget section */

/* Begin PBXProject section */
		E610F3862F9937980018B720 /* Project object */ = {
			isa = PBXProject;
			attributes = {
				BuildIndependentTargetsInParallel = 1;
				LastSwiftUpdateCheck = 2640;
				LastUpgradeCheck = 2640;
				TargetAttributes = {
					E610F38D2F9937980018B720 = {
						CreatedOnToolsVersion = 26.4.1;
					};
					E610F3AC2F9938920018B720 = {
						CreatedOnToolsVersion = 26.4.1;
					};
				};
			};
			buildConfigurationList = E610F3892F9937980018B720 /* Build configuration list for PBXProject "Alune" */;
			developmentRegion = en;
			hasScannedForEncodings = 0;
			knownRegions = (
				en,
				Base,
			);
			mainGroup = E610F3852F9937980018B720;
			minimizedProjectReferenceProxies = 1;
			preferredProjectObjectVersion = 77;
			productRefGroup = E610F38F2F9937980018B720 /* Products */;
			projectDirPath = "";
			projectRoot = "";
			targets = (
				E610F38D2F9937980018B720 /* Alune */,
				E610F3AC2F9938920018B720 /* Core */,
			);
		};
/* End PBXProject section */

/* Begin PBXResourcesBuildPhase section */
		E610F38C2F9937980018B720 /* Resources */ = {
			isa = PBXResourcesBuildPhase;
			buildActionMask = 2147483647;
			files = (
			);
			runOnlyForDeploymentPostprocessing = 0;
		};
/* End PBXResourcesBuildPhase section */

/* Begin PBXSourcesBuildPhase section */
		E610F38A2F9937980018B720 /* Sources */ = {
			isa = PBXSourcesBuildPhase;
			buildActionMask = 2147483647;
			files = (
			);
			runOnlyForDeploymentPostprocessing = 0;
		};
		E610F3A92F9938920018B720 /* Sources */ = {
			isa = PBXSourcesBuildPhase;
			buildActionMask = 2147483647;
			files = (
			);
			runOnlyForDeploymentPostprocessing = 0;
		};
/* End PBXSourcesBuildPhase section */

/* Begin PBXTargetDependency section */
		E610025A2F993AD60018B720 /* PBXTargetDependency */ = {
			isa = PBXTargetDependency;
			target = E610F3AC2F9938920018B720 /* Core */;
			targetProxy = E61002592F993AD60018B720 /* PBXContainerItemProxy */;
		};
/* End PBXTargetDependency section */

/* Begin XCBuildConfiguration section */
		E610F3A22F9937990018B720 /* Debug */ = {
			isa = XCBuildConfiguration;
			buildSettings = {
				ASSETCATALOG_COMPILER_APPICON_NAME = AppIcon;
				ASSETCATALOG_COMPILER_GLOBAL_ACCENT_COLOR_NAME = AccentColor;
				CLANG_CXX_LANGUAGE_STANDARD = "gnu++23";
				CODE_SIGN_ENTITLEMENTS = Alune/Alune.entitlements;
				CODE_SIGN_STYLE = Automatic;
				CURRENT_PROJECT_VERSION = 1;
				DEVELOPMENT_TEAM = Z3ZEABYY6P;
				GCC_C_LANGUAGE_STANDARD = gnu23;
				GENERATE_INFOPLIST_FILE = YES;
				INFOPLIST_FILE = Alune/Info.plist;
				INFOPLIST_KEY_CFBundleDisplayName = Alune;
				INFOPLIST_KEY_GCSupportsControllerUserInteraction = YES;
				INFOPLIST_KEY_LSApplicationCategoryType = "public.app-category.games";
				INFOPLIST_KEY_LSSupportsOpeningDocumentsInPlace = YES;
				INFOPLIST_KEY_NSBluetoothAlwaysUsageDescription = "Alune may require access to Bluetooth where it is used for external gamepad functionality";
				INFOPLIST_KEY_NSCameraUsageDescription = "Alune may require access to your Camera where it is used for game and system functionality";
				INFOPLIST_KEY_UIApplicationSupportsIndirectInputEvents = YES;
				INFOPLIST_KEY_UILaunchStoryboardName = LaunchScreen;
				INFOPLIST_KEY_UISupportedInterfaceOrientations_iPad = "UIInterfaceOrientationPortrait UIInterfaceOrientationPortraitUpsideDown UIInterfaceOrientationLandscapeLeft UIInterfaceOrientationLandscapeRight";
				INFOPLIST_KEY_UISupportedInterfaceOrientations_iPhone = "UIInterfaceOrientationPortrait UIInterfaceOrientationLandscapeLeft UIInterfaceOrientationLandscapeRight";
				IPHONEOS_DEPLOYMENT_TARGET = 16.0;
				LD_RUNPATH_SEARCH_PATHS = (
					"$(inherited)",
					"@executable_path/Frameworks",
				);
				LIBRARY_SEARCH_PATHS = (
					"$(inherited)",
					"$(PROJECT_DIR)/Core/PCSX2/third_party",
				);
				MARKETING_VERSION = 1.0;
				MTL_HEADER_SEARCH_PATHS = "$(PROJECT_DIR)/Core/PCSX2/pcsx2/GS/Renderers/Metal $(PROJECT_DIR)/Core/PCSX2/third_party/Headers";
				PRODUCT_BUNDLE_IDENTIFIER = com.antique.Alune;
				PRODUCT_NAME = "$(TARGET_NAME)";
				STRING_CATALOG_GENERATE_SYMBOLS = YES;
				SUPPORTED_PLATFORMS = "iphoneos iphonesimulator";
				SUPPORTS_MACCATALYST = NO;
				SUPPORTS_MAC_DESIGNED_FOR_IPHONE_IPAD = NO;
				SUPPORTS_XR_DESIGNED_FOR_IPHONE_IPAD = NO;
				SWIFT_APPROACHABLE_CONCURRENCY = YES;
				SWIFT_DEFAULT_ACTOR_ISOLATION = nonisolated;
				SWIFT_EMIT_LOC_STRINGS = YES;
				SWIFT_OBJC_INTEROP_MODE = objcxx;
				SWIFT_UPCOMING_FEATURE_MEMBER_IMPORT_VISIBILITY = YES;
				SWIFT_VERSION = 5.0;
				TARGETED_DEVICE_FAMILY = 1;
			};
			name = Debug;
		};
		E610F3A32F9937990018B720 /* Release */ = {
			isa = XCBuildConfiguration;
			buildSettings = {
				ASSETCATALOG_COMPILER_APPICON_NAME = AppIcon;
				ASSETCATALOG_COMPILER_GLOBAL_ACCENT_COLOR_NAME = AccentColor;
				CLANG_CXX_LANGUAGE_STANDARD = "gnu++23";
				CODE_SIGN_ENTITLEMENTS = Alune/Alune.entitlements;
				CODE_SIGN_STYLE = Automatic;
				CURRENT_PROJECT_VERSION = 1;
				DEVELOPMENT_TEAM = Z3ZEABYY6P;
				GCC_C_LANGUAGE_STANDARD = gnu23;
				GENERATE_INFOPLIST_FILE = YES;
				INFOPLIST_FILE = Alune/Info.plist;
				INFOPLIST_KEY_CFBundleDisplayName = Alune;
				INFOPLIST_KEY_GCSupportsControllerUserInteraction = YES;
				INFOPLIST_KEY_LSApplicationCategoryType = "public.app-category.games";
				INFOPLIST_KEY_LSSupportsOpeningDocumentsInPlace = YES;
				INFOPLIST_KEY_NSBluetoothAlwaysUsageDescription = "Alune may require access to Bluetooth where it is used for external gamepad functionality";
				INFOPLIST_KEY_NSCameraUsageDescription = "Alune may require access to your Camera where it is used for game and system functionality";
				INFOPLIST_KEY_UIApplicationSupportsIndirectInputEvents = YES;
				INFOPLIST_KEY_UILaunchStoryboardName = LaunchScreen;
				INFOPLIST_KEY_UISupportedInterfaceOrientations_iPad = "UIInterfaceOrientationPortrait UIInterfaceOrientationPortraitUpsideDown UIInterfaceOrientationLandscapeLeft UIInterfaceOrientationLandscapeRight";
				INFOPLIST_KEY_UISupportedInterfaceOrientations_iPhone = "UIInterfaceOrientationPortrait UIInterfaceOrientationLandscapeLeft UIInterfaceOrientationLandscapeRight";
				IPHONEOS_DEPLOYMENT_TARGET = 16.0;
				LD_RUNPATH_SEARCH_PATHS = (
					"$(inherited)",
					"@executable_path/Frameworks",
				);
				LIBRARY_SEARCH_PATHS = (
					"$(inherited)",
					"$(PROJECT_DIR)/Core/PCSX2/third_party",
				);
				MARKETING_VERSION = 1.0;
				MTL_HEADER_SEARCH_PATHS = "$(PROJECT_DIR)/Core/PCSX2/pcsx2/GS/Renderers/Metal $(PROJECT_DIR)/Core/PCSX2/third_party/Headers";
				PRODUCT_BUNDLE_IDENTIFIER = com.antique.Alune;
				PRODUCT_NAME = "$(TARGET_NAME)";
				STRING_CATALOG_GENERATE_SYMBOLS = YES;
				SUPPORTED_PLATFORMS = "iphoneos iphonesimulator";
				SUPPORTS_MACCATALYST = NO;
				SUPPORTS_MAC_DESIGNED_FOR_IPHONE_IPAD = NO;
				SUPPORTS_XR_DESIGNED_FOR_IPHONE_IPAD = NO;
				SWIFT_APPROACHABLE_CONCURRENCY = YES;
				SWIFT_DEFAULT_ACTOR_ISOLATION = nonisolated;
				SWIFT_EMIT_LOC_STRINGS = YES;
				SWIFT_OBJC_INTEROP_MODE = objcxx;
				SWIFT_UPCOMING_FEATURE_MEMBER_IMPORT_VISIBILITY = YES;
				SWIFT_VERSION = 5.0;
				TARGETED_DEVICE_FAMILY = 1;
			};
			name = Release;
		};
		E610F3A42F9937990018B720 /* Debug */ = {
			isa = XCBuildConfiguration;
			buildSettings = {
				ALWAYS_SEARCH_USER_PATHS = NO;
				ASSETCATALOG_COMPILER_GENERATE_SWIFT_ASSET_SYMBOL_EXTENSIONS = YES;
				CLANG_ANALYZER_NONNULL = YES;
				CLANG_ANALYZER_NUMBER_OBJECT_CONVERSION = YES_AGGRESSIVE;
				CLANG_CXX_LANGUAGE_STANDARD = "gnu++20";
				CLANG_ENABLE_MODULES = YES;
				CLANG_ENABLE_OBJC_ARC = YES;
				CLANG_ENABLE_OBJC_WEAK = YES;
				CLANG_WARN_BLOCK_CAPTURE_AUTORELEASING = YES;
				CLANG_WARN_BOOL_CONVERSION = YES;
				CLANG_WARN_COMMA = YES;
				CLANG_WARN_CONSTANT_CONVERSION = YES;
				CLANG_WARN_DEPRECATED_OBJC_IMPLEMENTATIONS = YES;
				CLANG_WARN_DIRECT_OBJC_ISA_USAGE = YES_ERROR;
				CLANG_WARN_DOCUMENTATION_COMMENTS = YES;
				CLANG_WARN_EMPTY_BODY = YES;
				CLANG_WARN_ENUM_CONVERSION = YES;
				CLANG_WARN_INFINITE_RECURSION = YES;
				CLANG_WARN_INT_CONVERSION = YES;
				CLANG_WARN_NON_LITERAL_NULL_CONVERSION = YES;
				CLANG_WARN_OBJC_IMPLICIT_RETAIN_SELF = YES;
				CLANG_WARN_OBJC_LITERAL_CONVERSION = YES;
				CLANG_WARN_OBJC_ROOT_CLASS = YES_ERROR;
				CLANG_WARN_QUOTED_INCLUDE_IN_FRAMEWORK_HEADER = YES;
				CLANG_WARN_RANGE_LOOP_ANALYSIS = YES;
				CLANG_WARN_STRICT_PROTOTYPES = YES;
				CLANG_WARN_SUSPICIOUS_MOVE = YES;
				CLANG_WARN_UNGUARDED_AVAILABILITY = YES_AGGRESSIVE;
				CLANG_WARN_UNREACHABLE_CODE = YES;
				CLANG_WARN__DUPLICATE_METHOD_MATCH = YES;
				COPY_PHASE_STRIP = NO;
				DEBUG_INFORMATION_FORMAT = dwarf;
				DEVELOPMENT_TEAM = Z3ZEABYY6P;
				ENABLE_STRICT_OBJC_MSGSEND = YES;
				ENABLE_TESTABILITY = YES;
				ENABLE_USER_SCRIPT_SANDBOXING = YES;
				GCC_C_LANGUAGE_STANDARD = gnu17;
				GCC_DYNAMIC_NO_PIC = NO;
				GCC_NO_COMMON_BLOCKS = YES;
				GCC_OPTIMIZATION_LEVEL = 0;
				GCC_PREPROCESSOR_DEFINITIONS = (
					"DEBUG=1",
					"$(inherited)",
				);
				GCC_WARN_64_TO_32_BIT_CONVERSION = YES;
				GCC_WARN_ABOUT_RETURN_TYPE = YES_ERROR;
				GCC_WARN_UNDECLARED_SELECTOR = YES;
				GCC_WARN_UNINITIALIZED_AUTOS = YES_AGGRESSIVE;
				GCC_WARN_UNUSED_FUNCTION = YES;
				GCC_WARN_UNUSED_VARIABLE = YES;
				IPHONEOS_DEPLOYMENT_TARGET = 26.4;
				LOCALIZATION_PREFERS_STRING_CATALOGS = YES;
				MTL_ENABLE_DEBUG_INFO = INCLUDE_SOURCE;
				MTL_FAST_MATH = YES;
				ONLY_ACTIVE_ARCH = YES;
				SDKROOT = iphoneos;
				SWIFT_ACTIVE_COMPILATION_CONDITIONS = "DEBUG $(inherited)";
				SWIFT_OPTIMIZATION_LEVEL = "-Onone";
			};
			name = Debug;
		};
		E610F3A52F9937990018B720 /* Release */ = {
			isa = XCBuildConfiguration;
			buildSettings = {
				ALWAYS_SEARCH_USER_PATHS = NO;
				ASSETCATALOG_COMPILER_GENERATE_SWIFT_ASSET_SYMBOL_EXTENSIONS = YES;
				CLANG_ANALYZER_NONNULL = YES;
				CLANG_ANALYZER_NUMBER_OBJECT_CONVERSION = YES_AGGRESSIVE;
				CLANG_CXX_LANGUAGE_STANDARD = "gnu++20";
				CLANG_ENABLE_MODULES = YES;
				CLANG_ENABLE_OBJC_ARC = YES;
				CLANG_ENABLE_OBJC_WEAK = YES;
				CLANG_WARN_BLOCK_CAPTURE_AUTORELEASING = YES;
				CLANG_WARN_BOOL_CONVERSION = YES;
				CLANG_WARN_COMMA = YES;
				CLANG_WARN_CONSTANT_CONVERSION = YES;
				CLANG_WARN_DEPRECATED_OBJC_IMPLEMENTATIONS = YES;
				CLANG_WARN_DIRECT_OBJC_ISA_USAGE = YES_ERROR;
				CLANG_WARN_DOCUMENTATION_COMMENTS = YES;
				CLANG_WARN_EMPTY_BODY = YES;
				CLANG_WARN_ENUM_CONVERSION = YES;
				CLANG_WARN_INFINITE_RECURSION = YES;
				CLANG_WARN_INT_CONVERSION = YES;
				CLANG_WARN_NON_LITERAL_NULL_CONVERSION = YES;
				CLANG_WARN_OBJC_IMPLICIT_RETAIN_SELF = YES;
				CLANG_WARN_OBJC_LITERAL_CONVERSION = YES;
				CLANG_WARN_OBJC_ROOT_CLASS = YES_ERROR;
				CLANG_WARN_QUOTED_INCLUDE_IN_FRAMEWORK_HEADER = YES;
				CLANG_WARN_RANGE_LOOP_ANALYSIS = YES;
				CLANG_WARN_STRICT_PROTOTYPES = YES;
				CLANG_WARN_SUSPICIOUS_MOVE = YES;
				CLANG_WARN_UNGUARDED_AVAILABILITY = YES_AGGRESSIVE;
				CLANG_WARN_UNREACHABLE_CODE = YES;
				CLANG_WARN__DUPLICATE_METHOD_MATCH = YES;
				COPY_PHASE_STRIP = NO;
				DEBUG_INFORMATION_FORMAT = "dwarf-with-dsym";
				DEVELOPMENT_TEAM = Z3ZEABYY6P;
				ENABLE_NS_ASSERTIONS = NO;
				ENABLE_STRICT_OBJC_MSGSEND = YES;
				ENABLE_USER_SCRIPT_SANDBOXING = YES;
				GCC_C_LANGUAGE_STANDARD = gnu17;
				GCC_NO_COMMON_BLOCKS = YES;
				GCC_WARN_64_TO_32_BIT_CONVERSION = YES;
				GCC_WARN_ABOUT_RETURN_TYPE = YES_ERROR;
				GCC_WARN_UNDECLARED_SELECTOR = YES;
				GCC_WARN_UNINITIALIZED_AUTOS = YES_AGGRESSIVE;
				GCC_WARN_UNUSED_FUNCTION = YES;
				GCC_WARN_UNUSED_VARIABLE = YES;
				IPHONEOS_DEPLOYMENT_TARGET = 26.4;
				LOCALIZATION_PREFERS_STRING_CATALOGS = YES;
				MTL_ENABLE_DEBUG_INFO = NO;
				MTL_FAST_MATH = YES;
				SDKROOT = iphoneos;
				SWIFT_COMPILATION_MODE = wholemodule;
				VALIDATE_PRODUCT = YES;
			};
			name = Release;
		};
		E610F3B22F9938920018B720 /* Debug */ = {
			isa = XCBuildConfiguration;
			buildSettings = {
				CLANG_CXX_LANGUAGE_STANDARD = "gnu++23";
				CODE_SIGN_STYLE = Automatic;
				DEVELOPMENT_TEAM = Z3ZEABYY6P;
				GCC_C_LANGUAGE_STANDARD = gnu23;
				GCC_PREPROCESSOR_DEFINITIONS = (
					"DEBUG=1",
					"$(inherited)",
					_M_ARM64,
				);
				HEADER_SEARCH_PATHS = (
					"$(PROJECT_DIR)/Core/PCSX2",
					"$(PROJECT_DIR)/Core/PCSX2/common",
					"$(PROJECT_DIR)/Core/PCSX2/pcsx2",
				);
				IPHONEOS_DEPLOYMENT_TARGET = 16.0;
				LIBRARY_SEARCH_PATHS = (
					"$(inherited)",
					"$(PROJECT_DIR)/Core/PCSX2/third_party",
				);
				OTHER_LDFLAGS = "-ObjC";
				PRODUCT_NAME = "$(TARGET_NAME)";
				SKIP_INSTALL = YES;
				SUPPORTED_PLATFORMS = "iphoneos iphonesimulator";
				SUPPORTS_MACCATALYST = NO;
				SUPPORTS_MAC_DESIGNED_FOR_IPHONE_IPAD = NO;
				SUPPORTS_XR_DESIGNED_FOR_IPHONE_IPAD = NO;
				SWIFT_APPROACHABLE_CONCURRENCY = YES;
				SWIFT_OBJC_BRIDGING_HEADER = "$(PROJECT_DIR)/Core/Alune-Bridging-Header.h";
				SWIFT_OBJC_INTEROP_MODE = objcxx;
				SWIFT_UPCOMING_FEATURE_MEMBER_IMPORT_VISIBILITY = YES;
				SWIFT_VERSION = 5.0;
				SYSTEM_HEADER_SEARCH_PATHS = (
					"$(inherited)",
					"$(PROJECT_DIR)/Core/PCSX2/third_party/Headers",
					"$(inherited)",
					"$(PROJECT_DIR)/Core/PCSX2/third_party/Headers/libzip",
				);
				TARGETED_DEVICE_FAMILY = 1;
			};
			name = Debug;
		};
		E610F3B32F9938920018B720 /* Release */ = {
			isa = XCBuildConfiguration;
			buildSettings = {
				CLANG_CXX_LANGUAGE_STANDARD = "gnu++23";
				CODE_SIGN_STYLE = Automatic;
				DEVELOPMENT_TEAM = Z3ZEABYY6P;
				GCC_C_LANGUAGE_STANDARD = gnu23;
				GCC_PREPROCESSOR_DEFINITIONS = _M_ARM64;
				HEADER_SEARCH_PATHS = (
					"$(PROJECT_DIR)/Core/PCSX2",
					"$(PROJECT_DIR)/Core/PCSX2/common",
					"$(PROJECT_DIR)/Core/PCSX2/pcsx2",
				);
				IPHONEOS_DEPLOYMENT_TARGET = 16.0;
				LIBRARY_SEARCH_PATHS = (
					"$(inherited)",
					"$(PROJECT_DIR)/Core/PCSX2/third_party",
				);
				OTHER_LDFLAGS = "-ObjC";
				PRODUCT_NAME = "$(TARGET_NAME)";
				SKIP_INSTALL = YES;
				SUPPORTED_PLATFORMS = "iphoneos iphonesimulator";
				SUPPORTS_MACCATALYST = NO;
				SUPPORTS_MAC_DESIGNED_FOR_IPHONE_IPAD = NO;
				SUPPORTS_XR_DESIGNED_FOR_IPHONE_IPAD = NO;
				SWIFT_APPROACHABLE_CONCURRENCY = YES;
				SWIFT_OBJC_BRIDGING_HEADER = "$(PROJECT_DIR)/Core/Alune-Bridging-Header.h";
				SWIFT_OBJC_INTEROP_MODE = objcxx;
				SWIFT_UPCOMING_FEATURE_MEMBER_IMPORT_VISIBILITY = YES;
				SWIFT_VERSION = 5.0;
				SYSTEM_HEADER_SEARCH_PATHS = (
					"$(inherited)",
					"$(PROJECT_DIR)/Core/PCSX2/third_party/Headers",
					"$(inherited)",
					"$(PROJECT_DIR)/Core/PCSX2/third_party/Headers/libzip",
				);
				TARGETED_DEVICE_FAMILY = 1;
			};
			name = Release;
		};
/* End XCBuildConfiguration section */

/* Begin XCConfigurationList section */
		E610F3892F9937980018B720 /* Build configuration list for PBXProject "Alune" */ = {
			isa = XCConfigurationList;
			buildConfigurations = (
				E610F3A42F9937990018B720 /* Debug */,
				E610F3A52F9937990018B720 /* Release */,
			);
			defaultConfigurationIsVisible = 0;
			defaultConfigurationName = Release;
		};
		E610F3A12F9937990018B720 /* Build configuration list for PBXNativeTarget "Alune" */ = {
			isa = XCConfigurationList;
			buildConfigurations = (
				E610F3A22F9937990018B720 /* Debug */,
				E610F3A32F9937990018B720 /* Release */,
			);
			defaultConfigurationIsVisible = 0;
			defaultConfigurationName = Release;
		};
		E610F3B12F9938920018B720 /* Build configuration list for PBXNativeTarget "Core" */ = {
			isa = XCConfigurationList;
			buildConfigurations = (
				E610F3B22F9938920018B720 /* Debug */,
				E610F3B32F9938920018B720 /* Release */,
			);
			defaultConfigurationIsVisible = 0;
			defaultConfigurationName = Release;
		};
/* End XCConfigurationList section */
	};
	rootObject = E610F3862F9937980018B720 /* Project object */;
}
